
Microsoft Visual Studio Solution File, Format Version 12.00
# Visual Studio Version 17
VisualStudioVersion = 17.3.32804.467
MinimumVisualStudioVersion = 10.0.40219.1
Project("{FAE04EC0-301F-11D3-BF4B-00C04F79EFBC}") = "ATTENDANCE", "ATTENDANCE.csproj", "{350FD218-46A9-4BE9-8C0D-FF4D8C12AAB7}"
EndProject
Global
	GlobalSection(SolutionConfigurationPlatforms) = preSolution
		Debug|Any CPU = Debug|Any CPU
		Release|Any CPU = Release|Any CPU
	EndGlobalSection
	GlobalSection(ProjectConfigurationPlatforms) = postSolution
		{350FD218-46A9-4BE9-8C0D-FF4D8C12AAB7}.Debug|Any CPU.ActiveCfg = Debug|Any CPU
		{350FD218-46A9-4BE9-8C0D-FF4D8C12AAB7}.Debug|Any CPU.Build.0 = Debug|Any CPU
		{350FD218-46A9-4BE9-8C0D-FF4D8C12AAB7}.Release|Any CPU.ActiveCfg = Release|Any CPU
		{350FD218-46A9-4BE9-8C0D-FF4D8C12AAB7}.Release|Any CPU.Build.0 = Release|Any CPU
	EndGlobalSection
	GlobalSection(SolutionProperties) = preSolution
		HideSolutionNode = FALSE
	EndGlobalSection
	GlobalSection(ExtensibilityGlobals) = postSolution
		SolutionGuid = {D86FADA7-28A3-428E-9FAB-09A2B956F0E2}
	EndGlobalSection
EndGlobal
